
Microsoft Visual Studio Solution File, Format Version 12.00
# Visual Studio Version 17
VisualStudioVersion = 17.5.33516.290
MinimumVisualStudioVersion = 10.0.40219.1
Project("{9A19103F-16F7-4668-BE54-9A1E7A4F7556}") = "Infrastructure", "Infrastructure\Infrastructure.csproj", "{A262661D-5550-4AF7-AB70-D7FC24809C9F}"
EndProject
Project("{9A19103F-16F7-4668-BE54-9A1E7A4F7556}") = "Domain", "Domain\Domain.csproj", "{94F16890-F0BF-4860-85C2-1DF2C3995A93}"
EndProject
Project("{9A19103F-16F7-4668-BE54-9A1E7A4F7556}") = "Api", "Api\Api.csproj", "{18B27B72-B5FF-4D51-972D-3E06D09A50A9}"
EndProject
Project("{FAE04EC0-301F-11D3-BF4B-00C04F79EFBC}") = "Application", "Application\Application.csproj", "{C9DDB99A-272B-48C1-9CE4-7A0283A55800}"
EndProject
Global
	GlobalSection(SolutionConfigurationPlatforms) = preSolution
		Debug|Any CPU = Debug|Any CPU
		Release|Any CPU = Release|Any CPU
	EndGlobalSection
	GlobalSection(ProjectConfigurationPlatforms) = postSolution
		{A262661D-5550-4AF7-AB70-D7FC24809C9F}.Debug|Any CPU.ActiveCfg = Debug|Any CPU
		{A262661D-5550-4AF7-AB70-D7FC24809C9F}.Debug|Any CPU.Build.0 = Debug|Any CPU
		{A262661D-5550-4AF7-AB70-D7FC24809C9F}.Release|Any CPU.ActiveCfg = Release|Any CPU
		{A262661D-5550-4AF7-AB70-D7FC24809C9F}.Release|Any CPU.Build.0 = Release|Any CPU
		{94F16890-F0BF-4860-85C2-1DF2C3995A93}.Debug|Any CPU.ActiveCfg = Debug|Any CPU
		{94F16890-F0BF-4860-85C2-1DF2C3995A93}.Debug|Any CPU.Build.0 = Debug|Any CPU
		{94F16890-F0BF-4860-85C2-1DF2C3995A93}.Release|Any CPU.ActiveCfg = Release|Any CPU
		{94F16890-F0BF-4860-85C2-1DF2C3995A93}.Release|Any CPU.Build.0 = Release|Any CPU
		{18B27B72-B5FF-4D51-972D-3E06D09A50A9}.Debug|Any CPU.ActiveCfg = Debug|Any CPU
		{18B27B72-B5FF-4D51-972D-3E06D09A50A9}.Debug|Any CPU.Build.0 = Debug|Any CPU
		{18B27B72-B5FF-4D51-972D-3E06D09A50A9}.Release|Any CPU.ActiveCfg = Release|Any CPU
		{18B27B72-B5FF-4D51-972D-3E06D09A50A9}.Release|Any CPU.Build.0 = Release|Any CPU
		{C9DDB99A-272B-48C1-9CE4-7A0283A55800}.Debug|Any CPU.ActiveCfg = Debug|Any CPU
		{C9DDB99A-272B-48C1-9CE4-7A0283A55800}.Debug|Any CPU.Build.0 = Debug|Any CPU
		{C9DDB99A-272B-48C1-9CE4-7A0283A55800}.Release|Any CPU.ActiveCfg = Release|Any CPU
		{C9DDB99A-272B-48C1-9CE4-7A0283A55800}.Release|Any CPU.Build.0 = Release|Any CPU
	EndGlobalSection
	GlobalSection(SolutionProperties) = preSolution
		HideSolutionNode = FALSE
	EndGlobalSection
	GlobalSection(ExtensibilityGlobals) = postSolution
		SolutionGuid = {25DA35BC-4441-4D8B-AE87-1893A3CFE20D}
	EndGlobalSection
EndGlobal
